Microsoft Visual Studio Solution File, Format Version 7.00
Project("{8BC9CEB8-8B4A-11D0-8D11-00A0C91BC942}") = "variantdesign", "variantdesign.vcproj", "{C07E47DB-E2AB-4C42-A020-94D54FB61BDE}"
EndProject
Global
	GlobalSection(SolutionConfiguration) = preSolution
		ConfigName.0 = Debug
		ConfigName.1 = Release
	EndGlobalSection
	GlobalSection(ProjectDependencies) = postSolution
	EndGlobalSection
	GlobalSection(ProjectConfiguration) = postSolution
		{C07E47DB-E2AB-4C42-A020-94D54FB61BDE}.Debug.ActiveCfg = Debug|Win32
		{C07E47DB-E2AB-4C42-A020-94D54FB61BDE}.Debug.Build.0 = Debug|Win32
		{C07E47DB-E2AB-4C42-A020-94D54FB61BDE}.Release.ActiveCfg = Release|Win32
		{C07E47DB-E2AB-4C42-A020-94D54FB61BDE}.Release.Build.0 = Release|Win32
	EndGlobalSection
	GlobalSection(ExtensibilityGlobals) = postSolution
	EndGlobalSection
	GlobalSection(ExtensibilityAddIns) = postSolution
	EndGlobalSection
EndGlobal
